
Microsoft Visual Studio Solution File, Format Version 12.00
# Visual Studio Version 17
VisualStudioVersion = 17.3.32922.545
MinimumVisualStudioVersion = 10.0.40219.1
Project("{FAE04EC0-301F-11D3-BF4B-00C04F79EFBC}") = "TangyWeb_Server", "TangyWeb_Server\TangyWeb_Server.csproj", "{A115AEB9-E6BA-4954-BD38-B4B8853EA16D}"
EndProject
Global
	GlobalSection(SolutionConfigurationPlatforms) = preSolution
		Debug|Any CPU = Debug|Any CPU
		Release|Any CPU = Release|Any CPU
	EndGlobalSection
	GlobalSection(ProjectConfigurationPlatforms) = postSolution
		{A115AEB9-E6BA-4954-BD38-B4B8853EA16D}.Debug|Any CPU.ActiveCfg = Debug|Any CPU
		{A115AEB9-E6BA-4954-BD38-B4B8853EA16D}.Debug|Any CPU.Build.0 = Debug|Any CPU
		{A115AEB9-E6BA-4954-BD38-B4B8853EA16D}.Release|Any CPU.ActiveCfg = Release|Any CPU
		{A115AEB9-E6BA-4954-BD38-B4B8853EA16D}.Release|Any CPU.Build.0 = Release|Any CPU
	EndGlobalSection
	GlobalSection(SolutionProperties) = preSolution
		HideSolutionNode = FALSE
	EndGlobalSection
	GlobalSection(ExtensibilityGlobals) = postSolution
		SolutionGuid = {DD8A71CE-46E0-47C3-9F9C-7BF05339F0DD}
	EndGlobalSection
EndGlobal
